{
  "object": {
    "pins": [
      {
        "package": "SwiftAST",
        "repositoryURL": "/Users/pasan/Development/SwiftAST",
        "state": {
          "branch": null,
          "revision": "38c46fd36e09e112777fd6e19e4cdff9faaf8d10",
          "version": "0.1.8"
        }
      }
    ]
  },
  "version": 1
}
