{
  "object": {
    "pins": [
      {
        "package": "SwiftAST",
        "repositoryURL": "https://github.com/Pasanpr/SwiftAST",
        "state": {
          "branch": null,
          "revision": "ee99975d8b5afacefb2b233ab13a3c8c5315f18f",
          "version": "0.1.14"
        }
      }
    ]
  },
  "version": 1
}
