{
  "object": {
    "pins": [
      {
        "package": "SwiftAST",
        "repositoryURL": "https://github.com/Pasanpr/SwiftAST",
        "state": {
          "branch": null,
          "revision": "eac302c1586c9faa80eb6b2999d1675c71f60207",
          "version": "0.1.12"
        }
      }
    ]
  },
  "version": 1
}
